PODS:
  - QKMRZParser (1.0.1)
  - SwiftyTesseract (2.2.0)

DEPENDENCIES:
  - QKMRZParser (~> 1.0.1)
  - SwiftyTesseract (~> 2.2.0)

SPEC REPOS:
  https://github.com/cocoapods/specs.git:
    - QKMRZParser
    - SwiftyTesseract

SPEC CHECKSUMS:
  QKMRZParser: 07921dbffa7e4064406113731bc0f1f5e6210bce
  SwiftyTesseract: 44a8f4b2b7e5f22b997919f935261d22d28a4917

PODFILE CHECKSUM: 89c3c073a8de7ca7273bfa6431b0102e78b5b616

COCOAPODS: 1.6.1
