PODS:
  - GPUImage (0.1.7)
  - QKMRZParser (1.0.1)
  - SwiftyTesseract (2.2.0)

DEPENDENCIES:
  - GPUImage (~> 0.1.7)
  - QKMRZParser (~> 1.0.1)
  - SwiftyTesseract (~> 2.2.0)

SPEC REPOS:
  https://github.com/cocoapods/specs.git:
    - GPUImage
    - QKMRZParser
    - SwiftyTesseract

SPEC CHECKSUMS:
  GPUImage: 733a5f0fab92df9de1c37ba9df520a833ccb406d
  QKMRZParser: 07921dbffa7e4064406113731bc0f1f5e6210bce
  SwiftyTesseract: 44a8f4b2b7e5f22b997919f935261d22d28a4917

PODFILE CHECKSUM: 3018e097359c8e264de29f4f8609df35c9aff333

COCOAPODS: 1.6.1
